
Microsoft Visual Studio Solution File, Format Version 12.00
Project("{FAE04EC0-301F-11D3-BF4B-00C04F79EFBC}") = "Prometheus_File_Discovery_3.1", "Prometheus_File_Discovery_3.1\Prometheus_File_Discovery_3.1.csproj", "{9537ABC6-89B9-44DA-822B-F9AB0DB717ED}"
EndProject
Global
	GlobalSection(SolutionConfigurationPlatforms) = preSolution
		Debug|Any CPU = Debug|Any CPU
		Release|Any CPU = Release|Any CPU
	EndGlobalSection
	GlobalSection(ProjectConfigurationPlatforms) = postSolution
		{9537ABC6-89B9-44DA-822B-F9AB0DB717ED}.Debug|Any CPU.ActiveCfg = Debug|Any CPU
		{9537ABC6-89B9-44DA-822B-F9AB0DB717ED}.Debug|Any CPU.Build.0 = Debug|Any CPU
		{9537ABC6-89B9-44DA-822B-F9AB0DB717ED}.Release|Any CPU.ActiveCfg = Release|Any CPU
		{9537ABC6-89B9-44DA-822B-F9AB0DB717ED}.Release|Any CPU.Build.0 = Release|Any CPU
	EndGlobalSection
EndGlobal
